
Microsoft Visual Studio Solution File, Format Version 12.00
# Visual Studio Version 17
VisualStudioVersion = 17.5.33209.295
MinimumVisualStudioVersion = 10.0.40219.1
Project("{FAE04EC0-301F-11D3-BF4B-00C04F79EFBC}") = "Paging.API", "Paging.API\Paging.API.csproj", "{03FF056D-DB44-42F3-996B-83430D18B77E}"
EndProject
Global
	GlobalSection(SolutionConfigurationPlatforms) = preSolution
		Debug|Any CPU = Debug|Any CPU
		Release|Any CPU = Release|Any CPU
	EndGlobalSection
	GlobalSection(ProjectConfigurationPlatforms) = postSolution
		{03FF056D-DB44-42F3-996B-83430D18B77E}.Debug|Any CPU.ActiveCfg = Debug|Any CPU
		{03FF056D-DB44-42F3-996B-83430D18B77E}.Debug|Any CPU.Build.0 = Debug|Any CPU
		{03FF056D-DB44-42F3-996B-83430D18B77E}.Release|Any CPU.ActiveCfg = Release|Any CPU
		{03FF056D-DB44-42F3-996B-83430D18B77E}.Release|Any CPU.Build.0 = Release|Any CPU
	EndGlobalSection
	GlobalSection(SolutionProperties) = preSolution
		HideSolutionNode = FALSE
	EndGlobalSection
	GlobalSection(ExtensibilityGlobals) = postSolution
		SolutionGuid = {4FAB7D5E-6EB2-4AF8-9F7A-1AF7E143794C}
	EndGlobalSection
EndGlobal
